PODS:
  - Alamofire (5.9.1)
  - AnyFormatKit (2.5.2)
  - KakaoSDK (2.22.7):
    - KakaoSDKAuth (= 2.22.7)
    - KakaoSDKCert (= 2.22.7)
    - KakaoSDKCommon (= 2.22.7)
    - KakaoSDKFriend (= 2.22.7)
    - KakaoSDKNavi (= 2.22.7)
    - KakaoSDKShare (= 2.22.7)
    - KakaoSDKTalk (= 2.22.7)
    - KakaoSDKTemplate (= 2.22.7)
    - KakaoSDKUser (= 2.22.7)
  - KakaoSDKAuth (2.22.7):
    - KakaoSDKCommon (= 2.22.7)
  - KakaoSDKCert (2.22.7):
    - KakaoSDKCertCore (= 2.22.7)
    - KakaoSDKUser (= 2.22.7)
  - KakaoSDKCertCore (2.22.7)
  - KakaoSDKCommon (2.22.7):
    - KakaoSDKCommon/Common (= 2.22.7)
    - KakaoSDKCommon/Network (= 2.22.7)
  - KakaoSDKCommon/Common (2.22.7)
  - KakaoSDKCommon/Network (2.22.7):
    - Alamofire (~> 5.9.0)
    - KakaoSDKCommon/Common (= 2.22.7)
  - KakaoSDKFriend (2.22.7):
    - KakaoSDKFriendCore (= 2.22.7)
    - KakaoSDKUser (= 2.22.7)
  - KakaoSDKFriendCore (2.22.7)
  - KakaoSDKNavi (2.22.7):
    - KakaoSDKCommon/Common (= 2.22.7)
  - KakaoSDKShare (2.22.7):
    - KakaoSDKCommon (= 2.22.7)
    - KakaoSDKTemplate (= 2.22.7)
  - KakaoSDKTalk (2.22.7):
    - KakaoSDKTemplate (= 2.22.7)
    - KakaoSDKUser (= 2.22.7)
  - KakaoSDKTemplate (2.22.7):
    - KakaoSDKCommon/Common (= 2.22.7)
  - KakaoSDKUser (2.22.7):
    - KakaoSDKAuth (= 2.22.7)
  - Kingfisher (5.15.8):
    - Kingfisher/Core (= 5.15.8)
  - Kingfisher/Core (5.15.8)
  - NMapsGeometry (1.0.2)
  - NMapsMap (3.20.0):
    - NMapsGeometry
  - RxCocoa (6.8.0):
    - RxRelay (= 6.8.0)
    - RxSwift (= 6.8.0)
  - RxGesture (4.0.4):
    - RxCocoa (~> 6.0)
    - RxSwift (~> 6.0)
  - RxRelay (6.8.0):
    - RxSwift (= 6.8.0)
  - RxSwift (6.8.0)

DEPENDENCIES:
  - AnyFormatKit
  - KakaoSDK
  - Kingfisher (~> 5.0)
  - NMapsMap
  - RxCocoa
  - RxGesture
  - RxSwift

SPEC REPOS:
  trunk:
    - Alamofire
    - AnyFormatKit
    - KakaoSDK
    - KakaoSDKAuth
    - KakaoSDKCert
    - KakaoSDKCertCore
    - KakaoSDKCommon
    - KakaoSDKFriend
    - KakaoSDKFriendCore
    - KakaoSDKNavi
    - KakaoSDKShare
    - KakaoSDKTalk
    - KakaoSDKTemplate
    - KakaoSDKUser
    - Kingfisher
    - NMapsGeometry
    - NMapsMap
    - RxCocoa
    - RxGesture
    - RxRelay
    - RxSwift

SPEC CHECKSUMS:
  Alamofire: f36a35757af4587d8e4f4bfa223ad10be2422b8c
  AnyFormatKit: b0dbb2a5f2fe7a0fc97f401f8a219a47ee63a335
  KakaoSDK: dc4f9062a42e6f7e8e2aacb620a0480996dcb62b
  KakaoSDKAuth: 45204252ff7c379c0f86c5573f97ec36885afca0
  KakaoSDKCert: 0e0d2a278731676c566a4bd2da4c0febf1c2d54d
  KakaoSDKCertCore: 73649497338c420b16b647dba7651855bda21f5c
  KakaoSDKCommon: 132164a6bac8bcd3a4346d3bf777f34f8f39fdca
  KakaoSDKFriend: a4ef5e83b8c655b722cf84ec60940a652fb513a9
  KakaoSDKFriendCore: c2a935a5f6a4bb1dc19d4d7ba692bf2b7c737ca5
  KakaoSDKNavi: 707e416ffe83b6cf197a964863471e7e6211c593
  KakaoSDKShare: 01c60c3d5394479429a51ef14ea78d3e72f48af0
  KakaoSDKTalk: a0c41d014cfda872ea9adae41bcaf7720a002785
  KakaoSDKTemplate: b11ecf08777198ffafd184201baf93de476ddb84
  KakaoSDKUser: 4c9cf1da78710d19d0b2c2dd32d1a44c544cdfa4
  Kingfisher: a3c03d702433fa6cfedabb2bddbe076fb8f2e902
  NMapsGeometry: 4e02554fa9880ef02ed96b075dc84355d6352479
  NMapsMap: bc5ea361ba29fc7c83dd8998f4497a77c75b4c66
  RxCocoa: 2d33c1e1e5d66492052ad46b11024ae287572880
  RxGesture: f3efb47ed2d26a8082f7b660d4a59970e275a7f8
  RxRelay: 335c78b926a2aea8d863a6d25f1ed3b5ad8e8705
  RxSwift: 4e28be97cbcfeee614af26d83415febbf2bf6f45

PODFILE CHECKSUM: 43e1756ebe802f9d61ac7e5bc2ed29448292acc9

COCOAPODS: 1.15.2
