// !$*UTF8*$!
{
	archiveVersion = 1;
	classes = {
	};
	objectVersion = 56;
	objects = {

/* Begin PBXBuildFile section */
		45307ED7030327D357C85252 /* Pods_MeloMeter.framework in Frameworks */ = {isa = PBXBuildFile; fileRef = C5A8595AED1BC03C3846C34F /* Pods_MeloMeter.framework */; };
		52697B7329EEB7B2002BDD04 /* AppDelegate.swift in Sources */ = {isa = PBXBuildFile; fileRef = 52697B7229EEB7B2002BDD04 /* AppDelegate.swift */; };
		52697B7529EEB7B2002BDD04 /* SceneDelegate.swift in Sources */ = {isa = PBXBuildFile; fileRef = 52697B7429EEB7B2002BDD04 /* SceneDelegate.swift */; };
		52697B7729EEB7B2002BDD04 /* ViewController.swift in Sources */ = {isa = PBXBuildFile; fileRef = 52697B7629EEB7B2002BDD04 /* ViewController.swift */; };
		52697B7C29EEB7B3002BDD04 /* Assets.xcassets in Resources */ = {isa = PBXBuildFile; fileRef = 52697B7B29EEB7B3002BDD04 /* Assets.xcassets */; };
		52697B7F29EEB7B3002BDD04 /* LaunchScreen.storyboard in Resources */ = {isa = PBXBuildFile; fileRef = 52697B7D29EEB7B3002BDD04 /* LaunchScreen.storyboard */; };
		52CE6E8329FEBC0200E43D39 /* FontManager.swift in Sources */ = {isa = PBXBuildFile; fileRef = 52CE6E8229FEBC0200E43D39 /* FontManager.swift */; };
		52CE6E9729FEBDAF00E43D39 /* Pretendard-Black.otf in Resources */ = {isa = PBXBuildFile; fileRef = 52CE6E8E29FEBD6600E43D39 /* Pretendard-Black.otf */; };
		52CE6E9829FEBDB200E43D39 /* Pretendard-Bold.otf in Resources */ = {isa = PBXBuildFile; fileRef = 52CE6E9329FEBD6700E43D39 /* Pretendard-Bold.otf */; };
		52CE6E9929FEBDB600E43D39 /* Pretendard-ExtraBold.otf in Resources */ = {isa = PBXBuildFile; fileRef = 52CE6E9029FEBD6600E43D39 /* Pretendard-ExtraBold.otf */; };
		52CE6E9A29FEBDB800E43D39 /* Pretendard-ExtraLight.otf in Resources */ = {isa = PBXBuildFile; fileRef = 52CE6E8F29FEBD6600E43D39 /* Pretendard-ExtraLight.otf */; };
		52CE6E9B29FEBDBA00E43D39 /* Pretendard-Light.otf in Resources */ = {isa = PBXBuildFile; fileRef = 52CE6E9529FEBD6700E43D39 /* Pretendard-Light.otf */; };
		52CE6E9C29FEBDBD00E43D39 /* Pretendard-Medium.otf in Resources */ = {isa = PBXBuildFile; fileRef = 52CE6E9129FEBD6600E43D39 /* Pretendard-Medium.otf */; };
		52CE6E9D29FEBDC000E43D39 /* Pretendard-Regular.otf in Resources */ = {isa = PBXBuildFile; fileRef = 52CE6E9429FEBD6700E43D39 /* Pretendard-Regular.otf */; };
		52CE6E9E29FEBDC300E43D39 /* Pretendard-SemiBold.otf in Resources */ = {isa = PBXBuildFile; fileRef = 52CE6E9629FEBD6700E43D39 /* Pretendard-SemiBold.otf */; };
		52CE6E9F29FEBDC500E43D39 /* Pretendard-Thin.otf in Resources */ = {isa = PBXBuildFile; fileRef = 52CE6E9229FEBD6600E43D39 /* Pretendard-Thin.otf */; };
		52CE6EA12A01875C00E43D39 /* AlarmViewController.swift in Sources */ = {isa = PBXBuildFile; fileRef = 52CE6EA02A01875C00E43D39 /* AlarmViewController.swift */; };
		52CE6EA32A0187BB00E43D39 /* AlarmView.swift in Sources */ = {isa = PBXBuildFile; fileRef = 52CE6EA22A0187BB00E43D39 /* AlarmView.swift */; };
		52CE6EA52A0245E300E43D39 /* DdayView.swift in Sources */ = {isa = PBXBuildFile; fileRef = 52CE6EA42A0245E300E43D39 /* DdayView.swift */; };
		52CE6EA72A02571E00E43D39 /* MainViewController.swift in Sources */ = {isa = PBXBuildFile; fileRef = 52CE6EA62A02571E00E43D39 /* MainViewController.swift */; };
		52CE6EA92A02573200E43D39 /* MainView.swift in Sources */ = {isa = PBXBuildFile; fileRef = 52CE6EA82A02573200E43D39 /* MainView.swift */; };
		52CE6EAB2A0260FA00E43D39 /* TabBarController.swift in Sources */ = {isa = PBXBuildFile; fileRef = 52CE6EAA2A0260FA00E43D39 /* TabBarController.swift */; };
		52CE6EAD2A02C0B800E43D39 /* DdayTableViewCell.swift in Sources */ = {isa = PBXBuildFile; fileRef = 52CE6EAC2A02C0B800E43D39 /* DdayTableViewCell.swift */; };
		52F2083629FBA2FC0043BCA4 /* GoogleService-Info.plist in Resources */ = {isa = PBXBuildFile; fileRef = 52F2083529FBA2FC0043BCA4 /* GoogleService-Info.plist */; };
		52F2083A29FBB31D0043BCA4 /* MyProfileViewController.swift in Sources */ = {isa = PBXBuildFile; fileRef = 52F2083929FBB31D0043BCA4 /* MyProfileViewController.swift */; };
		52F2083C29FBB3490043BCA4 /* MyProfileModel.swift in Sources */ = {isa = PBXBuildFile; fileRef = 52F2083B29FBB3490043BCA4 /* MyProfileModel.swift */; };
		52F2084029FBFF280043BCA4 /* DdayViewController.swift in Sources */ = {isa = PBXBuildFile; fileRef = 52F2083F29FBFF280043BCA4 /* DdayViewController.swift */; };
		52F2084229FD63F40043BCA4 /* MyProfileView.swift in Sources */ = {isa = PBXBuildFile; fileRef = 52F2084129FD63F40043BCA4 /* MyProfileView.swift */; };
		B61B0F4B29F7A44700E25EEF /* FirebaseAnalytics in Frameworks */ = {isa = PBXBuildFile; productRef = B61B0F4A29F7A44700E25EEF /* FirebaseAnalytics */; };
		B61B0F4D29F7A44700E25EEF /* FirebaseAppCheck in Frameworks */ = {isa = PBXBuildFile; productRef = B61B0F4C29F7A44700E25EEF /* FirebaseAppCheck */; };
		B61B0F4F29F7A44700E25EEF /* FirebaseAuth in Frameworks */ = {isa = PBXBuildFile; productRef = B61B0F4E29F7A44700E25EEF /* FirebaseAuth */; };
		B61B0F5129F7A44700E25EEF /* FirebaseCrashlytics in Frameworks */ = {isa = PBXBuildFile; productRef = B61B0F5029F7A44700E25EEF /* FirebaseCrashlytics */; };
		B61B0F5329F7A44700E25EEF /* FirebaseDatabase in Frameworks */ = {isa = PBXBuildFile; productRef = B61B0F5229F7A44700E25EEF /* FirebaseDatabase */; };
		B61B0F5529F7A44700E25EEF /* FirebaseFirestore in Frameworks */ = {isa = PBXBuildFile; productRef = B61B0F5429F7A44700E25EEF /* FirebaseFirestore */; };
		B61B0F5729F7A44700E25EEF /* FirebaseFunctions in Frameworks */ = {isa = PBXBuildFile; productRef = B61B0F5629F7A44700E25EEF /* FirebaseFunctions */; };
		B61B0F5929F7A44700E25EEF /* FirebaseMessaging in Frameworks */ = {isa = PBXBuildFile; productRef = B61B0F5829F7A44700E25EEF /* FirebaseMessaging */; };
/* End PBXBuildFile section */

/* Begin PBXFileReference section */
		52697B6F29EEB7B2002BDD04 /* MeloMeter.app */ = {isa = PBXFileReference; explicitFileType = wrapper.application; includeInIndex = 0; path = MeloMeter.app; sourceTree = BUILT_PRODUCTS_DIR; };
		52697B7229EEB7B2002BDD04 /* AppDelegate.swift */ = {isa = PBXFileReference; lastKnownFileType = sourcecode.swift; path = AppDelegate.swift; sourceTree = "<group>"; };
		52697B7429EEB7B2002BDD04 /* SceneDelegate.swift */ = {isa = PBXFileReference; lastKnownFileType = sourcecode.swift; path = SceneDelegate.swift; sourceTree = "<group>"; };
		52697B7629EEB7B2002BDD04 /* ViewController.swift */ = {isa = PBXFileReference; lastKnownFileType = sourcecode.swift; path = ViewController.swift; sourceTree = "<group>"; };
		52697B7B29EEB7B3002BDD04 /* Assets.xcassets */ = {isa = PBXFileReference; lastKnownFileType = folder.assetcatalog; path = Assets.xcassets; sourceTree = "<group>"; };
		52697B7E29EEB7B3002BDD04 /* Base */ = {isa = PBXFileReference; lastKnownFileType = file.storyboard; name = Base; path = Base.lproj/LaunchScreen.storyboard; sourceTree = "<group>"; };
		52697B8029EEB7B3002BDD04 /* Info.plist */ = {isa = PBXFileReference; lastKnownFileType = text.plist.xml; path = Info.plist; sourceTree = "<group>"; };
		52CE6E8229FEBC0200E43D39 /* FontManager.swift */ = {isa = PBXFileReference; lastKnownFileType = sourcecode.swift; path = FontManager.swift; sourceTree = "<group>"; };
		52CE6E8E29FEBD6600E43D39 /* Pretendard-Black.otf */ = {isa = PBXFileReference; lastKnownFileType = file; path = "Pretendard-Black.otf"; sourceTree = "<group>"; };
		52CE6E8F29FEBD6600E43D39 /* Pretendard-ExtraLight.otf */ = {isa = PBXFileReference; lastKnownFileType = file; path = "Pretendard-ExtraLight.otf"; sourceTree = "<group>"; };
		52CE6E9029FEBD6600E43D39 /* Pretendard-ExtraBold.otf */ = {isa = PBXFileReference; lastKnownFileType = file; path = "Pretendard-ExtraBold.otf"; sourceTree = "<group>"; };
		52CE6E9129FEBD6600E43D39 /* Pretendard-Medium.otf */ = {isa = PBXFileReference; lastKnownFileType = file; path = "Pretendard-Medium.otf"; sourceTree = "<group>"; };
		52CE6E9229FEBD6600E43D39 /* Pretendard-Thin.otf */ = {isa = PBXFileReference; lastKnownFileType = file; path = "Pretendard-Thin.otf"; sourceTree = "<group>"; };
		52CE6E9329FEBD6700E43D39 /* Pretendard-Bold.otf */ = {isa = PBXFileReference; lastKnownFileType = file; path = "Pretendard-Bold.otf"; sourceTree = "<group>"; };
		52CE6E9429FEBD6700E43D39 /* Pretendard-Regular.otf */ = {isa = PBXFileReference; lastKnownFileType = file; path = "Pretendard-Regular.otf"; sourceTree = "<group>"; };
		52CE6E9529FEBD6700E43D39 /* Pretendard-Light.otf */ = {isa = PBXFileReference; lastKnownFileType = file; path = "Pretendard-Light.otf"; sourceTree = "<group>"; };
		52CE6E9629FEBD6700E43D39 /* Pretendard-SemiBold.otf */ = {isa = PBXFileReference; lastKnownFileType = file; path = "Pretendard-SemiBold.otf"; sourceTree = "<group>"; };
		52CE6EA02A01875C00E43D39 /* AlarmViewController.swift */ = {isa = PBXFileReference; lastKnownFileType = sourcecode.swift; path = AlarmViewController.swift; sourceTree = "<group>"; };
		52CE6EA22A0187BB00E43D39 /* AlarmView.swift */ = {isa = PBXFileReference; lastKnownFileType = sourcecode.swift; path = AlarmView.swift; sourceTree = "<group>"; };
		52CE6EA42A0245E300E43D39 /* DdayView.swift */ = {isa = PBXFileReference; lastKnownFileType = sourcecode.swift; path = DdayView.swift; sourceTree = "<group>"; };
		52CE6EA62A02571E00E43D39 /* MainViewController.swift */ = {isa = PBXFileReference; lastKnownFileType = sourcecode.swift; path = MainViewController.swift; sourceTree = "<group>"; };
		52CE6EA82A02573200E43D39 /* MainView.swift */ = {isa = PBXFileReference; lastKnownFileType = sourcecode.swift; path = MainView.swift; sourceTree = "<group>"; };
		52CE6EAA2A0260FA00E43D39 /* TabBarController.swift */ = {isa = PBXFileReference; lastKnownFileType = sourcecode.swift; path = TabBarController.swift; sourceTree = "<group>"; };
		52CE6EAC2A02C0B800E43D39 /* DdayTableViewCell.swift */ = {isa = PBXFileReference; lastKnownFileType = sourcecode.swift; path = DdayTableViewCell.swift; sourceTree = "<group>"; };
		52F2083529FBA2FC0043BCA4 /* GoogleService-Info.plist */ = {isa = PBXFileReference; lastKnownFileType = text.plist; path = "GoogleService-Info.plist"; sourceTree = SOURCE_ROOT; };
		52F2083929FBB31D0043BCA4 /* MyProfileViewController.swift */ = {isa = PBXFileReference; lastKnownFileType = sourcecode.swift; path = MyProfileViewController.swift; sourceTree = "<group>"; };
		52F2083B29FBB3490043BCA4 /* MyProfileModel.swift */ = {isa = PBXFileReference; lastKnownFileType = sourcecode.swift; path = MyProfileModel.swift; sourceTree = "<group>"; };
		52F2083F29FBFF280043BCA4 /* DdayViewController.swift */ = {isa = PBXFileReference; lastKnownFileType = sourcecode.swift; path = DdayViewController.swift; sourceTree = "<group>"; };
		52F2084129FD63F40043BCA4 /* MyProfileView.swift */ = {isa = PBXFileReference; lastKnownFileType = sourcecode.swift; path = MyProfileView.swift; sourceTree = "<group>"; };
		6F172644C2184ED18F3C3ACA /* Pods-MeloMeter.debug.xcconfig */ = {isa = PBXFileReference; includeInIndex = 1; lastKnownFileType = text.xcconfig; name = "Pods-MeloMeter.debug.xcconfig"; path = "Target Support Files/Pods-MeloMeter/Pods-MeloMeter.debug.xcconfig"; sourceTree = "<group>"; };
		80E724853E983EBFAE15A81F /* Pods-MeloMeter.release.xcconfig */ = {isa = PBXFileReference; includeInIndex = 1; lastKnownFileType = text.xcconfig; name = "Pods-MeloMeter.release.xcconfig"; path = "Target Support Files/Pods-MeloMeter/Pods-MeloMeter.release.xcconfig"; sourceTree = "<group>"; };
		B61B0F5A29F7A5F500E25EEF /* MeloMeter.entitlements */ = {isa = PBXFileReference; lastKnownFileType = text.plist.entitlements; path = MeloMeter.entitlements; sourceTree = "<group>"; };
		C5A8595AED1BC03C3846C34F /* Pods_MeloMeter.framework */ = {isa = PBXFileReference; explicitFileType = wrapper.framework; includeInIndex = 0; path = Pods_MeloMeter.framework; sourceTree = BUILT_PRODUCTS_DIR; };
/* End PBXFileReference section */

/* Begin PBXFrameworksBuildPhase section */
		52697B6C29EEB7B2002BDD04 /* Frameworks */ = {
			isa = PBXFrameworksBuildPhase;
			buildActionMask = 2147483647;
			files = (
				B61B0F5929F7A44700E25EEF /* FirebaseMessaging in Frameworks */,
				B61B0F5329F7A44700E25EEF /* FirebaseDatabase in Frameworks */,
				B61B0F5729F7A44700E25EEF /* FirebaseFunctions in Frameworks */,
				B61B0F4D29F7A44700E25EEF /* FirebaseAppCheck in Frameworks */,
				B61B0F5129F7A44700E25EEF /* FirebaseCrashlytics in Frameworks */,
				B61B0F4F29F7A44700E25EEF /* FirebaseAuth in Frameworks */,
				B61B0F4B29F7A44700E25EEF /* FirebaseAnalytics in Frameworks */,
				B61B0F5529F7A44700E25EEF /* FirebaseFirestore in Frameworks */,
				45307ED7030327D357C85252 /* Pods_MeloMeter.framework in Frameworks */,
			);
			runOnlyForDeploymentPostprocessing = 0;
		};
/* End PBXFrameworksBuildPhase section */

/* Begin PBXGroup section */
		52697B6629EEB7B2002BDD04 = {
			isa = PBXGroup;
			children = (
				52697B7129EEB7B2002BDD04 /* MeloMeter */,
				52697B7029EEB7B2002BDD04 /* Products */,
				F436958110A740287E251D09 /* Pods */,
				D44F96227B251CC47229DC2A /* Frameworks */,
			);
			sourceTree = "<group>";
		};
		52697B7029EEB7B2002BDD04 /* Products */ = {
			isa = PBXGroup;
			children = (
				52697B6F29EEB7B2002BDD04 /* MeloMeter.app */,
			);
			name = Products;
			sourceTree = "<group>";
		};
		52697B7129EEB7B2002BDD04 /* MeloMeter */ = {
			isa = PBXGroup;
			children = (
				B61B0F5A29F7A5F500E25EEF /* MeloMeter.entitlements */,
				52697B7229EEB7B2002BDD04 /* AppDelegate.swift */,
				52697B7429EEB7B2002BDD04 /* SceneDelegate.swift */,
				52697B7629EEB7B2002BDD04 /* ViewController.swift */,
				52F2084329FD64100043BCA4 /* Model */,
				52F2084429FD64190043BCA4 /* View */,
				52F2084529FD641E0043BCA4 /* Controller */,
				52697B7B29EEB7B3002BDD04 /* Assets.xcassets */,
				52697B7D29EEB7B3002BDD04 /* LaunchScreen.storyboard */,
				52697B8029EEB7B3002BDD04 /* Info.plist */,
				52F2083529FBA2FC0043BCA4 /* GoogleService-Info.plist */,
				52CE6E8D29FEBD5700E43D39 /* Font */,
			);
			path = MeloMeter;
			sourceTree = "<group>";
		};
		52CE6E8D29FEBD5700E43D39 /* Font */ = {
			isa = PBXGroup;
			children = (
				52CE6E8E29FEBD6600E43D39 /* Pretendard-Black.otf */,
				52CE6E9329FEBD6700E43D39 /* Pretendard-Bold.otf */,
				52CE6E9029FEBD6600E43D39 /* Pretendard-ExtraBold.otf */,
				52CE6E8F29FEBD6600E43D39 /* Pretendard-ExtraLight.otf */,
				52CE6E9529FEBD6700E43D39 /* Pretendard-Light.otf */,
				52CE6E9129FEBD6600E43D39 /* Pretendard-Medium.otf */,
				52CE6E9429FEBD6700E43D39 /* Pretendard-Regular.otf */,
				52CE6E9629FEBD6700E43D39 /* Pretendard-SemiBold.otf */,
				52CE6E9229FEBD6600E43D39 /* Pretendard-Thin.otf */,
				52CE6E8229FEBC0200E43D39 /* FontManager.swift */,
			);
			path = Font;
			sourceTree = "<group>";
		};
		52F2084329FD64100043BCA4 /* Model */ = {
			isa = PBXGroup;
			children = (
				52F2083B29FBB3490043BCA4 /* MyProfileModel.swift */,
			);
			path = Model;
			sourceTree = "<group>";
		};
		52F2084429FD64190043BCA4 /* View */ = {
			isa = PBXGroup;
			children = (
				52CE6EA82A02573200E43D39 /* MainView.swift */,
				52F2084129FD63F40043BCA4 /* MyProfileView.swift */,
				52CE6EA22A0187BB00E43D39 /* AlarmView.swift */,
				52CE6EA42A0245E300E43D39 /* DdayView.swift */,
				52CE6EAC2A02C0B800E43D39 /* DdayTableViewCell.swift */,
			);
			path = View;
			sourceTree = "<group>";
		};
		52F2084529FD641E0043BCA4 /* Controller */ = {
			isa = PBXGroup;
			children = (
				52CE6EAA2A0260FA00E43D39 /* TabBarController.swift */,
				52CE6EA62A02571E00E43D39 /* MainViewController.swift */,
				52F2083929FBB31D0043BCA4 /* MyProfileViewController.swift */,
				52CE6EA02A01875C00E43D39 /* AlarmViewController.swift */,
				52F2083F29FBFF280043BCA4 /* DdayViewController.swift */,
			);
			path = Controller;
			sourceTree = "<group>";
		};
		D44F96227B251CC47229DC2A /* Frameworks */ = {
			isa = PBXGroup;
			children = (
				C5A8595AED1BC03C3846C34F /* Pods_MeloMeter.framework */,
			);
			name = Frameworks;
			sourceTree = "<group>";
		};
		F436958110A740287E251D09 /* Pods */ = {
			isa = PBXGroup;
			children = (
				6F172644C2184ED18F3C3ACA /* Pods-MeloMeter.debug.xcconfig */,
				80E724853E983EBFAE15A81F /* Pods-MeloMeter.release.xcconfig */,
			);
			path = Pods;
			sourceTree = "<group>";
		};
/* End PBXGroup section */

/* Begin PBXNativeTarget section */
		52697B6E29EEB7B2002BDD04 /* MeloMeter */ = {
			isa = PBXNativeTarget;
			buildConfigurationList = 52697B8329EEB7B3002BDD04 /* Build configuration list for PBXNativeTarget "MeloMeter" */;
			buildPhases = (
				EABEF18F484CD9189002D142 /* [CP] Check Pods Manifest.lock */,
				52697B6B29EEB7B2002BDD04 /* Sources */,
				52697B6C29EEB7B2002BDD04 /* Frameworks */,
				52697B6D29EEB7B2002BDD04 /* Resources */,
				62D803FBD07926643E6AEA64 /* [CP] Embed Pods Frameworks */,
			);
			buildRules = (
			);
			dependencies = (
			);
			name = MeloMeter;
			packageProductDependencies = (
				B61B0F4A29F7A44700E25EEF /* FirebaseAnalytics */,
				B61B0F4C29F7A44700E25EEF /* FirebaseAppCheck */,
				B61B0F4E29F7A44700E25EEF /* FirebaseAuth */,
				B61B0F5029F7A44700E25EEF /* FirebaseCrashlytics */,
				B61B0F5229F7A44700E25EEF /* FirebaseDatabase */,
				B61B0F5429F7A44700E25EEF /* FirebaseFirestore */,
				B61B0F5629F7A44700E25EEF /* FirebaseFunctions */,
				B61B0F5829F7A44700E25EEF /* FirebaseMessaging */,
			);
			productName = MeloMeter;
			productReference = 52697B6F29EEB7B2002BDD04 /* MeloMeter.app */;
			productType = "com.apple.product-type.application";
		};
/* End PBXNativeTarget section */

/* Begin PBXProject section */
		52697B6729EEB7B2002BDD04 /* Project object */ = {
			isa = PBXProject;
			attributes = {
				BuildIndependentTargetsInParallel = 1;
				LastSwiftUpdateCheck = 1430;
				LastUpgradeCheck = 1430;
				TargetAttributes = {
					52697B6E29EEB7B2002BDD04 = {
						CreatedOnToolsVersion = 14.3;
					};
				};
			};
			buildConfigurationList = 52697B6A29EEB7B2002BDD04 /* Build configuration list for PBXProject "MeloMeter" */;
			compatibilityVersion = "Xcode 14.0";
			developmentRegion = en;
			hasScannedForEncodings = 0;
			knownRegions = (
				en,
				Base,
			);
			mainGroup = 52697B6629EEB7B2002BDD04;
			packageReferences = (
				B61B0F4929F7A44700E25EEF /* XCRemoteSwiftPackageReference "firebase-ios-sdk" */,
			);
			productRefGroup = 52697B7029EEB7B2002BDD04 /* Products */;
			projectDirPath = "";
			projectRoot = "";
			targets = (
				52697B6E29EEB7B2002BDD04 /* MeloMeter */,
			);
		};
/* End PBXProject section */

/* Begin PBXResourcesBuildPhase section */
		52697B6D29EEB7B2002BDD04 /* Resources */ = {
			isa = PBXResourcesBuildPhase;
			buildActionMask = 2147483647;
			files = (
				52CE6E9E29FEBDC300E43D39 /* Pretendard-SemiBold.otf in Resources */,
				52CE6E9A29FEBDB800E43D39 /* Pretendard-ExtraLight.otf in Resources */,
				52CE6E9B29FEBDBA00E43D39 /* Pretendard-Light.otf in Resources */,
				52CE6E9F29FEBDC500E43D39 /* Pretendard-Thin.otf in Resources */,
				52697B7F29EEB7B3002BDD04 /* LaunchScreen.storyboard in Resources */,
				52CE6E9829FEBDB200E43D39 /* Pretendard-Bold.otf in Resources */,
				52CE6E9929FEBDB600E43D39 /* Pretendard-ExtraBold.otf in Resources */,
				52697B7C29EEB7B3002BDD04 /* Assets.xcassets in Resources */,
				52CE6E9729FEBDAF00E43D39 /* Pretendard-Black.otf in Resources */,
				52CE6E9D29FEBDC000E43D39 /* Pretendard-Regular.otf in Resources */,
				52F2083629FBA2FC0043BCA4 /* GoogleService-Info.plist in Resources */,
				52CE6E9C29FEBDBD00E43D39 /* Pretendard-Medium.otf in Resources */,
			);
			runOnlyForDeploymentPostprocessing = 0;
		};
/* End PBXResourcesBuildPhase section */

/* Begin PBXShellScriptBuildPhase section */
		62D803FBD07926643E6AEA64 /* [CP] Embed Pods Frameworks */ = {
			isa = PBXShellScriptBuildPhase;
			buildActionMask = 2147483647;
			files = (
			);
			inputFileListPaths = (
				"${PODS_ROOT}/Target Support Files/Pods-MeloMeter/Pods-MeloMeter-frameworks-${CONFIGURATION}-input-files.xcfilelist",
			);
			name = "[CP] Embed Pods Frameworks";
			outputFileListPaths = (
				"${PODS_ROOT}/Target Support Files/Pods-MeloMeter/Pods-MeloMeter-frameworks-${CONFIGURATION}-output-files.xcfilelist",
			);
			runOnlyForDeploymentPostprocessing = 0;
			shellPath = /bin/sh;
			shellScript = "\"${PODS_ROOT}/Target Support Files/Pods-MeloMeter/Pods-MeloMeter-frameworks.sh\"\n";
			showEnvVarsInLog = 0;
		};
		EABEF18F484CD9189002D142 /* [CP] Check Pods Manifest.lock */ = {
			isa = PBXShellScriptBuildPhase;
			buildActionMask = 2147483647;
			files = (
			);
			inputFileListPaths = (
			);
			inputPaths = (
				"${PODS_PODFILE_DIR_PATH}/Podfile.lock",
				"${PODS_ROOT}/Manifest.lock",
			);
			name = "[CP] Check Pods Manifest.lock";
			outputFileListPaths = (
			);
			outputPaths = (
				"$(DERIVED_FILE_DIR)/Pods-MeloMeter-checkManifestLockResult.txt",
			);
			runOnlyForDeploymentPostprocessing = 0;
			shellPath = /bin/sh;
			shellScript = "diff \"${PODS_PODFILE_DIR_PATH}/Podfile.lock\" \"${PODS_ROOT}/Manifest.lock\" > /dev/null\nif [ $? != 0 ] ; then\n    # print error to STDERR\n    echo \"error: The sandbox is not in sync with the Podfile.lock. Run 'pod install' or update your CocoaPods installation.\" >&2\n    exit 1\nfi\n# This output is used by Xcode 'outputs' to avoid re-running this script phase.\necho \"SUCCESS\" > \"${SCRIPT_OUTPUT_FILE_0}\"\n";
			showEnvVarsInLog = 0;
		};
/* End PBXShellScriptBuildPhase section */

/* Begin PBXSourcesBuildPhase section */
		52697B6B29EEB7B2002BDD04 /* Sources */ = {
			isa = PBXSourcesBuildPhase;
			buildActionMask = 2147483647;
			files = (
				52CE6EAD2A02C0B800E43D39 /* DdayTableViewCell.swift in Sources */,
				52F2084229FD63F40043BCA4 /* MyProfileView.swift in Sources */,
				52697B7729EEB7B2002BDD04 /* ViewController.swift in Sources */,
				52CE6EA52A0245E300E43D39 /* DdayView.swift in Sources */,
				52697B7329EEB7B2002BDD04 /* AppDelegate.swift in Sources */,
				52CE6E8329FEBC0200E43D39 /* FontManager.swift in Sources */,
				52F2083A29FBB31D0043BCA4 /* MyProfileViewController.swift in Sources */,
				52CE6EA92A02573200E43D39 /* MainView.swift in Sources */,
				52CE6EA12A01875C00E43D39 /* AlarmViewController.swift in Sources */,
				52CE6EA72A02571E00E43D39 /* MainViewController.swift in Sources */,
				52CE6EA32A0187BB00E43D39 /* AlarmView.swift in Sources */,
				52F2083C29FBB3490043BCA4 /* MyProfileModel.swift in Sources */,
				52CE6EAB2A0260FA00E43D39 /* TabBarController.swift in Sources */,
				52697B7529EEB7B2002BDD04 /* SceneDelegate.swift in Sources */,
				52F2084029FBFF280043BCA4 /* DdayViewController.swift in Sources */,
			);
			runOnlyForDeploymentPostprocessing = 0;
		};
/* End PBXSourcesBuildPhase section */

/* Begin PBXVariantGroup section */
		52697B7D29EEB7B3002BDD04 /* LaunchScreen.storyboard */ = {
			isa = PBXVariantGroup;
			children = (
				52697B7E29EEB7B3002BDD04 /* Base */,
			);
			name = LaunchScreen.storyboard;
			sourceTree = "<group>";
		};
/* End PBXVariantGroup section */

/* Begin XCBuildConfiguration section */
		52697B8129EEB7B3002BDD04 /* Debug */ = {
			isa = XCBuildConfiguration;
			buildSettings = {
				ALWAYS_SEARCH_USER_PATHS = NO;
				CLANG_ANALYZER_NONNULL = YES;
				CLANG_ANALYZER_NUMBER_OBJECT_CONVERSION = YES_AGGRESSIVE;
				CLANG_CXX_LANGUAGE_STANDARD = "gnu++20";
				CLANG_ENABLE_MODULES = YES;
				CLANG_ENABLE_OBJC_ARC = YES;
				CLANG_ENABLE_OBJC_WEAK = YES;
				CLANG_WARN_BLOCK_CAPTURE_AUTORELEASING = YES;
				CLANG_WARN_BOOL_CONVERSION = YES;
				CLANG_WARN_COMMA = YES;
				CLANG_WARN_CONSTANT_CONVERSION = YES;
				CLANG_WARN_DEPRECATED_OBJC_IMPLEMENTATIONS = YES;
				CLANG_WARN_DIRECT_OBJC_ISA_USAGE = YES_ERROR;
				CLANG_WARN_DOCUMENTATION_COMMENTS = YES;
				CLANG_WARN_EMPTY_BODY = YES;
				CLANG_WARN_ENUM_CONVERSION = YES;
				CLANG_WARN_INFINITE_RECURSION = YES;
				CLANG_WARN_INT_CONVERSION = YES;
				CLANG_WARN_NON_LITERAL_NULL_CONVERSION = YES;
				CLANG_WARN_OBJC_IMPLICIT_RETAIN_SELF = YES;
				CLANG_WARN_OBJC_LITERAL_CONVERSION = YES;
				CLANG_WARN_OBJC_ROOT_CLASS = YES_ERROR;
				CLANG_WARN_QUOTED_INCLUDE_IN_FRAMEWORK_HEADER = YES;
				CLANG_WARN_RANGE_LOOP_ANALYSIS = YES;
				CLANG_WARN_STRICT_PROTOTYPES = YES;
				CLANG_WARN_SUSPICIOUS_MOVE = YES;
				CLANG_WARN_UNGUARDED_AVAILABILITY = YES_AGGRESSIVE;
				CLANG_WARN_UNREACHABLE_CODE = YES;
				CLANG_WARN__DUPLICATE_METHOD_MATCH = YES;
				COPY_PHASE_STRIP = NO;
				DEBUG_INFORMATION_FORMAT = dwarf;
				ENABLE_STRICT_OBJC_MSGSEND = YES;
				ENABLE_TESTABILITY = YES;
				GCC_C_LANGUAGE_STANDARD = gnu11;
				GCC_DYNAMIC_NO_PIC = NO;
				GCC_NO_COMMON_BLOCKS = YES;
				GCC_OPTIMIZATION_LEVEL = 0;
				GCC_PREPROCESSOR_DEFINITIONS = (
					"DEBUG=1",
					"$(inherited)",
				);
				GCC_WARN_64_TO_32_BIT_CONVERSION = YES;
				GCC_WARN_ABOUT_RETURN_TYPE = YES_ERROR;
				GCC_WARN_UNDECLARED_SELECTOR = YES;
				GCC_WARN_UNINITIALIZED_AUTOS = YES_AGGRESSIVE;
				GCC_WARN_UNUSED_FUNCTION = YES;
				GCC_WARN_UNUSED_VARIABLE = YES;
				IPHONEOS_DEPLOYMENT_TARGET = 15.0;
				MTL_ENABLE_DEBUG_INFO = INCLUDE_SOURCE;
				MTL_FAST_MATH = YES;
				ONLY_ACTIVE_ARCH = YES;
				SDKROOT = iphoneos;
				SWIFT_ACTIVE_COMPILATION_CONDITIONS = DEBUG;
				SWIFT_OPTIMIZATION_LEVEL = "-Onone";
			};
			name = Debug;
		};
		52697B8229EEB7B3002BDD04 /* Release */ = {
			isa = XCBuildConfiguration;
			buildSettings = {
				ALWAYS_SEARCH_USER_PATHS = NO;
				CLANG_ANALYZER_NONNULL = YES;
				CLANG_ANALYZER_NUMBER_OBJECT_CONVERSION = YES_AGGRESSIVE;
				CLANG_CXX_LANGUAGE_STANDARD = "gnu++20";
				CLANG_ENABLE_MODULES = YES;
				CLANG_ENABLE_OBJC_ARC = YES;
				CLANG_ENABLE_OBJC_WEAK = YES;
				CLANG_WARN_BLOCK_CAPTURE_AUTORELEASING = YES;
				CLANG_WARN_BOOL_CONVERSION = YES;
				CLANG_WARN_COMMA = YES;
				CLANG_WARN_CONSTANT_CONVERSION = YES;
				CLANG_WARN_DEPRECATED_OBJC_IMPLEMENTATIONS = YES;
				CLANG_WARN_DIRECT_OBJC_ISA_USAGE = YES_ERROR;
				CLANG_WARN_DOCUMENTATION_COMMENTS = YES;
				CLANG_WARN_EMPTY_BODY = YES;
				CLANG_WARN_ENUM_CONVERSION = YES;
				CLANG_WARN_INFINITE_RECURSION = YES;
				CLANG_WARN_INT_CONVERSION = YES;
				CLANG_WARN_NON_LITERAL_NULL_CONVERSION = YES;
				CLANG_WARN_OBJC_IMPLICIT_RETAIN_SELF = YES;
				CLANG_WARN_OBJC_LITERAL_CONVERSION = YES;
				CLANG_WARN_OBJC_ROOT_CLASS = YES_ERROR;
				CLANG_WARN_QUOTED_INCLUDE_IN_FRAMEWORK_HEADER = YES;
				CLANG_WARN_RANGE_LOOP_ANALYSIS = YES;
				CLANG_WARN_STRICT_PROTOTYPES = YES;
				CLANG_WARN_SUSPICIOUS_MOVE = YES;
				CLANG_WARN_UNGUARDED_AVAILABILITY = YES_AGGRESSIVE;
				CLANG_WARN_UNREACHABLE_CODE = YES;
				CLANG_WARN__DUPLICATE_METHOD_MATCH = YES;
				COPY_PHASE_STRIP = NO;
				DEBUG_INFORMATION_FORMAT = "dwarf-with-dsym";
				ENABLE_NS_ASSERTIONS = NO;
				ENABLE_STRICT_OBJC_MSGSEND = YES;
				GCC_C_LANGUAGE_STANDARD = gnu11;
				GCC_NO_COMMON_BLOCKS = YES;
				GCC_WARN_64_TO_32_BIT_CONVERSION = YES;
				GCC_WARN_ABOUT_RETURN_TYPE = YES_ERROR;
				GCC_WARN_UNDECLARED_SELECTOR = YES;
				GCC_WARN_UNINITIALIZED_AUTOS = YES_AGGRESSIVE;
				GCC_WARN_UNUSED_FUNCTION = YES;
				GCC_WARN_UNUSED_VARIABLE = YES;
				IPHONEOS_DEPLOYMENT_TARGET = 15.0;
				MTL_ENABLE_DEBUG_INFO = NO;
				MTL_FAST_MATH = YES;
				SDKROOT = iphoneos;
				SWIFT_COMPILATION_MODE = wholemodule;
				SWIFT_OPTIMIZATION_LEVEL = "-O";
				VALIDATE_PRODUCT = YES;
			};
			name = Release;
		};
		52697B8429EEB7B3002BDD04 /* Debug */ = {
			isa = XCBuildConfiguration;
			baseConfigurationReference = 6F172644C2184ED18F3C3ACA /* Pods-MeloMeter.debug.xcconfig */;
			buildSettings = {
				ASSETCATALOG_COMPILER_APPICON_NAME = AppIcon;
				ASSETCATALOG_COMPILER_GLOBAL_ACCENT_COLOR_NAME = AccentColor;
				CODE_SIGN_ENTITLEMENTS = MeloMeter/MeloMeter.entitlements;
				"CODE_SIGN_IDENTITY[sdk=iphoneos*]" = "iPhone Developer";
				CODE_SIGN_STYLE = Manual;
				CURRENT_PROJECT_VERSION = 1;
				DEVELOPMENT_TEAM = "";
				"DEVELOPMENT_TEAM[sdk=iphoneos*]" = HL89CPH3NA;
				GENERATE_INFOPLIST_FILE = YES;
				INFOPLIST_FILE = MeloMeter/Info.plist;
				INFOPLIST_KEY_CFBundleDisplayName = "멜로미터";
				INFOPLIST_KEY_LSApplicationCategoryType = "public.app-category.social-networking";
				INFOPLIST_KEY_NSLocationAlwaysAndWhenInUseUsageDescription = "위치 정보를 항상 수집하며, 앱을 사용하지 않을 때도 위치 정보를 수집할 수 있습니다. 위치 정보는 커플 위치 공유 기능을 이용하는데 필요하며, 더욱 정확한 위치 정보를 제공할 수 있습니다.";
				INFOPLIST_KEY_NSLocationUsageDescription = "위치 정보를 수집하기 위해 권한이 필요합니다. 위치 정보는 커플 위치 공유 기능을 이용하는데 필요하며, 더욱 정확한 위치 정보를 제공할 수 있습니다.";
				INFOPLIST_KEY_UIApplicationSupportsIndirectInputEvents = YES;
				INFOPLIST_KEY_UILaunchStoryboardName = LaunchScreen;
				INFOPLIST_KEY_UIStatusBarHidden = NO;
				INFOPLIST_KEY_UISupportedInterfaceOrientations_iPad = "UIInterfaceOrientationLandscapeLeft UIInterfaceOrientationLandscapeRight UIInterfaceOrientationPortrait UIInterfaceOrientationPortraitUpsideDown";
				IPHONEOS_DEPLOYMENT_TARGET = 15.0;
				LD_RUNPATH_SEARCH_PATHS = (
					"$(inherited)",
					"@executable_path/Frameworks",
				);
				MARKETING_VERSION = 1.0;
				PRODUCT_BUNDLE_IDENTIFIER = com.teamMeloMeter.MeloMeter;
				PRODUCT_NAME = "$(TARGET_NAME)";
				PROVISIONING_PROFILE_SPECIFIER = "";
				"PROVISIONING_PROFILE_SPECIFIER[sdk=iphoneos*]" = "melometer-development";
				SUPPORTED_PLATFORMS = "iphoneos iphonesimulator";
				SUPPORTS_MACCATALYST = NO;
				SUPPORTS_MAC_DESIGNED_FOR_IPHONE_IPAD = NO;
				SWIFT_EMIT_LOC_STRINGS = YES;
				SWIFT_VERSION = 5.0;
				TARGETED_DEVICE_FAMILY = 1;
			};
			name = Debug;
		};
		52697B8529EEB7B3002BDD04 /* Release */ = {
			isa = XCBuildConfiguration;
			baseConfigurationReference = 80E724853E983EBFAE15A81F /* Pods-MeloMeter.release.xcconfig */;
			buildSettings = {
				ASSETCATALOG_COMPILER_APPICON_NAME = AppIcon;
				ASSETCATALOG_COMPILER_GLOBAL_ACCENT_COLOR_NAME = AccentColor;
				CODE_SIGN_ENTITLEMENTS = MeloMeter/MeloMeter.entitlements;
				"CODE_SIGN_IDENTITY[sdk=iphoneos*]" = "iPhone Developer";
				CODE_SIGN_STYLE = Manual;
				CURRENT_PROJECT_VERSION = 1;
				DEVELOPMENT_TEAM = "";
				"DEVELOPMENT_TEAM[sdk=iphoneos*]" = HL89CPH3NA;
				GENERATE_INFOPLIST_FILE = YES;
				INFOPLIST_FILE = MeloMeter/Info.plist;
				INFOPLIST_KEY_CFBundleDisplayName = "멜로미터";
				INFOPLIST_KEY_LSApplicationCategoryType = "public.app-category.social-networking";
				INFOPLIST_KEY_NSLocationAlwaysAndWhenInUseUsageDescription = "위치 정보를 항상 수집하며, 앱을 사용하지 않을 때도 위치 정보를 수집할 수 있습니다. 위치 정보는 커플 위치 공유 기능을 이용하는데 필요하며, 더욱 정확한 위치 정보를 제공할 수 있습니다.";
				INFOPLIST_KEY_NSLocationUsageDescription = "위치 정보를 수집하기 위해 권한이 필요합니다. 위치 정보는 커플 위치 공유 기능을 이용하는데 필요하며, 더욱 정확한 위치 정보를 제공할 수 있습니다.";
				INFOPLIST_KEY_UIApplicationSupportsIndirectInputEvents = YES;
				INFOPLIST_KEY_UILaunchStoryboardName = LaunchScreen;
				INFOPLIST_KEY_UIStatusBarHidden = NO;
				INFOPLIST_KEY_UISupportedInterfaceOrientations_iPad = "UIInterfaceOrientationLandscapeLeft UIInterfaceOrientationLandscapeRight UIInterfaceOrientationPortrait UIInterfaceOrientationPortraitUpsideDown";
				IPHONEOS_DEPLOYMENT_TARGET = 15.0;
				LD_RUNPATH_SEARCH_PATHS = (
					"$(inherited)",
					"@executable_path/Frameworks",
				);
				MARKETING_VERSION = 1.0;
				PRODUCT_BUNDLE_IDENTIFIER = com.teamMeloMeter.MeloMeter;
				PRODUCT_NAME = "$(TARGET_NAME)";
				PROVISIONING_PROFILE_SPECIFIER = "";
				"PROVISIONING_PROFILE_SPECIFIER[sdk=iphoneos*]" = "melometer-development";
				SUPPORTED_PLATFORMS = "iphoneos iphonesimulator";
				SUPPORTS_MACCATALYST = NO;
				SUPPORTS_MAC_DESIGNED_FOR_IPHONE_IPAD = NO;
				SWIFT_EMIT_LOC_STRINGS = YES;
				SWIFT_VERSION = 5.0;
				TARGETED_DEVICE_FAMILY = 1;
			};
			name = Release;
		};
/* End XCBuildConfiguration section */

/* Begin XCConfigurationList section */
		52697B6A29EEB7B2002BDD04 /* Build configuration list for PBXProject "MeloMeter" */ = {
			isa = XCConfigurationList;
			buildConfigurations = (
				52697B8129EEB7B3002BDD04 /* Debug */,
				52697B8229EEB7B3002BDD04 /* Release */,
			);
			defaultConfigurationIsVisible = 0;
			defaultConfigurationName = Release;
		};
		52697B8329EEB7B3002BDD04 /* Build configuration list for PBXNativeTarget "MeloMeter" */ = {
			isa = XCConfigurationList;
			buildConfigurations = (
				52697B8429EEB7B3002BDD04 /* Debug */,
				52697B8529EEB7B3002BDD04 /* Release */,
			);
			defaultConfigurationIsVisible = 0;
			defaultConfigurationName = Release;
		};
/* End XCConfigurationList section */

/* Begin XCRemoteSwiftPackageReference section */
		B61B0F4929F7A44700E25EEF /* XCRemoteSwiftPackageReference "firebase-ios-sdk" */ = {
			isa = XCRemoteSwiftPackageReference;
			repositoryURL = "https://github.com/firebase/firebase-ios-sdk";
			requirement = {
				kind = upToNextMinorVersion;
				minimumVersion = 10.8.0;
			};
		};
/* End XCRemoteSwiftPackageReference section */

/* Begin XCSwiftPackageProductDependency section */
		B61B0F4A29F7A44700E25EEF /* FirebaseAnalytics */ = {
			isa = XCSwiftPackageProductDependency;
			package = B61B0F4929F7A44700E25EEF /* XCRemoteSwiftPackageReference "firebase-ios-sdk" */;
			productName = FirebaseAnalytics;
		};
		B61B0F4C29F7A44700E25EEF /* FirebaseAppCheck */ = {
			isa = XCSwiftPackageProductDependency;
			package = B61B0F4929F7A44700E25EEF /* XCRemoteSwiftPackageReference "firebase-ios-sdk" */;
			productName = FirebaseAppCheck;
		};
		B61B0F4E29F7A44700E25EEF /* FirebaseAuth */ = {
			isa = XCSwiftPackageProductDependency;
			package = B61B0F4929F7A44700E25EEF /* XCRemoteSwiftPackageReference "firebase-ios-sdk" */;
			productName = FirebaseAuth;
		};
		B61B0F5029F7A44700E25EEF /* FirebaseCrashlytics */ = {
			isa = XCSwiftPackageProductDependency;
			package = B61B0F4929F7A44700E25EEF /* XCRemoteSwiftPackageReference "firebase-ios-sdk" */;
			productName = FirebaseCrashlytics;
		};
		B61B0F5229F7A44700E25EEF /* FirebaseDatabase */ = {
			isa = XCSwiftPackageProductDependency;
			package = B61B0F4929F7A44700E25EEF /* XCRemoteSwiftPackageReference "firebase-ios-sdk" */;
			productName = FirebaseDatabase;
		};
		B61B0F5429F7A44700E25EEF /* FirebaseFirestore */ = {
			isa = XCSwiftPackageProductDependency;
			package = B61B0F4929F7A44700E25EEF /* XCRemoteSwiftPackageReference "firebase-ios-sdk" */;
			productName = FirebaseFirestore;
		};
		B61B0F5629F7A44700E25EEF /* FirebaseFunctions */ = {
			isa = XCSwiftPackageProductDependency;
			package = B61B0F4929F7A44700E25EEF /* XCRemoteSwiftPackageReference "firebase-ios-sdk" */;
			productName = FirebaseFunctions;
		};
		B61B0F5829F7A44700E25EEF /* FirebaseMessaging */ = {
			isa = XCSwiftPackageProductDependency;
			package = B61B0F4929F7A44700E25EEF /* XCRemoteSwiftPackageReference "firebase-ios-sdk" */;
			productName = FirebaseMessaging;
		};
/* End XCSwiftPackageProductDependency section */
	};
	rootObject = 52697B6729EEB7B2002BDD04 /* Project object */;
}
